{
  "object": {
    "pins": [
      {
        "package": "WolfAPI",
        "repositoryURL": "https://github.com/WolfMcNally/WolfAPI",
        "state": {
          "branch": null,
          "revision": "70e1e553d69b03e158fe501219f1d90cb6100b2f",
          "version": "2.0.0"
        }
      },
      {
        "package": "WolfBase",
        "repositoryURL": "https://github.com/WolfMcNally/WolfBase",
        "state": {
          "branch": null,
          "revision": "81a1ddeb4e21dadc34ed23faed3b61e475eb4fab",
          "version": "4.0.0"
        }
      }
    ]
  },
  "version": 1
}
